{
  "lockfileVersion": 2,
  "configVersion": 1,
  "workspaces": {
    "": {
      "name": "podcasts",
      "dependencies": {
        "@ink/audio": "npm:ink-framework-audio@0.1.0-alpha.8",
        "@ink/files": "npm:ink-framework-files@0.1.0-alpha.8",
        "@ink/lightos": "npm:ink-framework-lightos@0.1.0-alpha.8",
        "@ink/network": "npm:ink-framework-network@0.1.0-alpha.8",
        "@ink/store": "npm:ink-framework-store@0.1.0-alpha.8",
        "entities": "^7.0.0",
        "ink": "npm:ink-framework@0.1.0-alpha.8",
        "react": "19.2.8",
        "valibot": "1.5.0",
      },
      "devDependencies": {
        "@types/react": "19.2.18",
        "typescript": "5.9.3",
      },
    },
  },
  "packages": {
    "@ink/audio": ["ink-framework-audio@0.1.0-alpha.8", "", { "peerDependencies": { "@ink/files": "npm:ink-framework-files@0.1.0-alpha.8", "ink": "npm:ink-framework@0.1.0-alpha.8", "react": "19.2.8" } }, "sha512-rt7CftMuYx0+YUgzZExQbedZuSUbwJUe5idRky0O7FUtWGhSzrGTmKanVFFzIw0unEEsIq5JwFMRConZdOxvkw=="],

    "@ink/files": ["ink-framework-files@0.1.0-alpha.8", "", { "dependencies": { "@ink/lightos": "npm:ink-framework-lightos@0.1.0-alpha.8" }, "peerDependencies": { "ink": "npm:ink-framework@0.1.0-alpha.8", "react": "19.2.8" } }, "sha512-RpJVSSOdiIIkFIVdrlI7FkSYtQaM25HDLMpd8Ei0es4T1ZOORyqOfx/DJd/HtaoB2G9kR/7AlkHp2V5Bv7ACzA=="],

    "@ink/lightos": ["ink-framework-lightos@0.1.0-alpha.8", "", { "peerDependencies": { "ink": "npm:ink-framework@0.1.0-alpha.8", "react": "19.2.8" } }, "sha512-NxnlnIe2yiZpIXdM7SYw0/Qo5dzP+I1TjkvdVvDNYtTfgxSExkU5epRTGQDwUnlQHgfbWAsHyPvEndH+9SUYiw=="],

    "@ink/network": ["ink-framework-network@0.1.0-alpha.8", "", { "dependencies": { "@types/whatwg-url": "13.0.0", "web-streams-polyfill": "4.3.0", "whatwg-url": "14.2.0" }, "peerDependencies": { "@ink/files": "npm:ink-framework-files@0.1.0-alpha.8", "ink": "npm:ink-framework@0.1.0-alpha.8" } }, "sha512-2JbC61cVJ/lDWF4j8W3oA1HmDVLsD3jTd3jUtzzBYtfKjBKgy0twplVfIV8PoEfI/wQ6UsKobhssT8z6pjVMQA=="],

    "@ink/store": ["ink-framework-store@0.1.0-alpha.8", "", { "peerDependencies": { "ink": "npm:ink-framework@0.1.0-alpha.8" } }, "sha512-OV8eEUKOcOwueeu6V8uHy0xg1u4viWwefVQJHbtPmXZm6InbvUkSuGIUkrOcha+RTt7QQjNwrPF0+HsVHrbNMA=="],

    "@types/react": ["@types/react@19.2.18", "", { "dependencies": { "csstype": "^3.2.2" } }, "sha512-AnzbBERsrLKtk2XSfTbYRLjQPdy116Sty4q+T+Bp3IC4l6jNBvreVPAHmpq9qhXQM7CXZPjLVmGMw9sy+hxQ3w=="],

    "@types/webidl-conversions": ["@types/webidl-conversions@7.0.3", "", {}, "sha512-CiJJvcRtIgzadHCYXw7dqEnMNRjhGZlYK05Mj9OyktqV8uVT8fD2BFOB7S1uwBE3Kj2Z+4UyPmFw/Ixgw/LAlA=="],

    "@types/whatwg-url": ["@types/whatwg-url@13.0.0", "", { "dependencies": { "@types/webidl-conversions": "*" } }, "sha512-N8WXpbE6Wgri7KUSvrmQcqrMllKZ9uxkYWMt+mCSGwNc0Hsw9VQTW7ApqI4XNrx6/SaM2QQJCzMPDEXE058s+Q=="],

    "csstype": ["csstype@3.2.3", "", {}, "sha512-z1HGKcYy2xA8AGQfwrn0PAy+PB7X/GSj3UVJW9qKyn43xWa+gl5nXmU4qqLMRzWVLFC8KusUX8T/0kCiOYpAIQ=="],

    "entities": ["entities@7.0.1", "", {}, "sha512-TWrgLOFUQTH994YUyl1yT4uyavY5nNB5muff+RtWaqNVCAK408b5ZnnbNAUEWLTCpum9w6arT70i1XdQ4UeOPA=="],

    "ink": ["ink-framework@0.1.0-alpha.8", "", { "dependencies": { "linkify-it": "^6.1.0", "react-reconciler": "0.33.0" }, "peerDependencies": { "react": "19.2.8" } }, "sha512-dh1UZJ83WCbCMURE/rHTaC/DW+k17NxcijbO82LTE9hqtodszInd2VbzBNerUxBkjDWHzkOulk+s6/W6zI0/4w=="],

    "linkify-it": ["linkify-it@6.1.0", "", { "dependencies": { "uc.micro": "^3.0.0" } }, "sha512-wJ/TwpSDTLepCrQoYWYIExIKg5Zchex2Nn5yk2mFnB+6PtdkHtyLx742md9csRjjOnGkKIS/RrbY7l8D6gT9Vw=="],

    "punycode": ["punycode@2.3.1", "", {}, "sha512-vYt7UD1U9Wg6138shLtLOvdAu+8DsC/ilFtEVHcH+wydcSpNE20AfSOduf6MkRFahL5FY7X1oU7nKVZFtfq8Fg=="],

    "react": ["react@19.2.8", "", {}, "sha512-PWaYA1L/q9u2u7xYQi+Y3L3Yfnie7XyLeaJICV1MGD6LprsBxcAqGjYyr0eY3p+QdsA+x/Irkt4Qif8D63+Sbw=="],

    "react-reconciler": ["react-reconciler@0.33.0", "", { "dependencies": { "scheduler": "^0.27.0" }, "peerDependencies": { "react": "^19.2.0" } }, "sha512-KetWRytFv1epdpJc3J4G75I4WrplZE5jOL7Yq0p34+OVOKF4Se7WrdIdVC45XsSSmUTlht2FM/fM1FZb1mfQeA=="],

    "scheduler": ["scheduler@0.27.0", "", {}, "sha512-eNv+WrVbKu1f3vbYJT/xtiF5syA5HPIMtf9IgY/nKg0sWqzAUEvqY/xm7OcZc/qafLx/iO9FgOmeSAp4v5ti/Q=="],

    "tr46": ["tr46@5.1.1", "", { "dependencies": { "punycode": "^2.3.1" } }, "sha512-hdF5ZgjTqgAntKkklYw0R03MG2x/bSzTtkxmIRw/sTNV8YXsCJ1tfLAX23lhxhHJlEf3CRCOCGGWw3vI3GaSPw=="],

    "typescript": ["typescript@5.9.3", "", { "bin": { "tsc": "bin/tsc", "tsserver": "bin/tsserver" } }, "sha512-jl1vZzPDinLr9eUt3J/t7V6FgNEw9QjvBPdysz9KfQDD41fQrC2Y4vKQdiaUpFT4bXlb1RHhLpp8wtm6M5TgSw=="],

    "uc.micro": ["uc.micro@3.0.0", "", {}, "sha512-U3PppEkleoTnIfi8BozMx3yju3qc/L6SwqWo2Sw+54PX+PX0q9I+r1Um5HCmqD7n9VDX5/v3vQH/AjA6deDdtw=="],

    "valibot": ["valibot@1.5.0", "", { "peerDependencies": { "typescript": ">=5" }, "optionalPeers": ["typescript"] }, "sha512-nil6AkP2TChWL43Z5uJ6GTxX01CUA+g8LWUM+N/rB9NBbkUMaUsi9PUNzlUPgoKASgmx9f7eGOYpJ04/fSa6FQ=="],

    "web-streams-polyfill": ["web-streams-polyfill@4.3.0", "", {}, "sha512-/Gnggvj9oSrEvJbDyyPtAnxBt5fGQM2iWOKQNu7ie1OxDgK40iZpyV3TKaRiEzVj1oA1UxKnEy9XPXh6PW3eVw=="],

    "webidl-conversions": ["webidl-conversions@7.0.0", "", {}, "sha512-VwddBukDzu71offAQR975unBIGqfKZpM+8ZX6ySk8nYhVoo5CYaZyzt3YBvYtRtO+aoGlqxPg/B87NGVZ/fu6g=="],

    "whatwg-url": ["whatwg-url@14.2.0", "", { "dependencies": { "tr46": "^5.1.0", "webidl-conversions": "^7.0.0" } }, "sha512-De72GdQZzNTUBBChsXueQUnPKDkg/5A5zp7pFDuQAj5UFoENpiACU0wlCvzpAGnTkj++ihpKwKyYewn/XNUbKw=="],
  }
}
